
Microsoft Visual Studio Solution File, Format Version 12.00
# Visual Studio Version 17
VisualStudioVersion = 17.11.35222.181
MinimumVisualStudioVersion = 10.0.40219.1
Project("{9A19103F-16F7-4668-BE54-9A1E7A4F7556}") = "Uniswap.Sdk", "src\Uniswap.Sdk\Uniswap.Sdk.csproj", "{7BCF2713-4216-4F7F-8168-8E80172DBDF2}"
EndProject
Project("{9A19103F-16F7-4668-BE54-9A1E7A4F7556}") = "Uniswap.Sdk.Testing", "test\Uniswap.Sdk.Testing\Uniswap.Sdk.Testing.csproj", "{59FAB888-9F24-4A4B-B11E-28C4B49E1641}"
EndProject
Global
	GlobalSection(SolutionConfigurationPlatforms) = preSolution
		Debug|Any CPU = Debug|Any CPU
		Release|Any CPU = Release|Any CPU
	EndGlobalSection
	GlobalSection(ProjectConfigurationPlatforms) = postSolution
		{7BCF2713-4216-4F7F-8168-8E80172DBDF2}.Debug|Any CPU.ActiveCfg = Debug|Any CPU
		{7BCF2713-4216-4F7F-8168-8E80172DBDF2}.Debug|Any CPU.Build.0 = Debug|Any CPU
		{7BCF2713-4216-4F7F-8168-8E80172DBDF2}.Release|Any CPU.ActiveCfg = Release|Any CPU
		{7BCF2713-4216-4F7F-8168-8E80172DBDF2}.Release|Any CPU.Build.0 = Release|Any CPU
		{59FAB888-9F24-4A4B-B11E-28C4B49E1641}.Debug|Any CPU.ActiveCfg = Debug|Any CPU
		{59FAB888-9F24-4A4B-B11E-28C4B49E1641}.Debug|Any CPU.Build.0 = Debug|Any CPU
		{59FAB888-9F24-4A4B-B11E-28C4B49E1641}.Release|Any CPU.ActiveCfg = Release|Any CPU
		{59FAB888-9F24-4A4B-B11E-28C4B49E1641}.Release|Any CPU.Build.0 = Release|Any CPU
	EndGlobalSection
	GlobalSection(SolutionProperties) = preSolution
		HideSolutionNode = FALSE
	EndGlobalSection
	GlobalSection(ExtensibilityGlobals) = postSolution
		SolutionGuid = {B61F11E7-8B02-4364-9210-3DE9DE5F0BE7}
	EndGlobalSection
EndGlobal
